
Microsoft Visual Studio Solution File, Format Version 12.00
# Visual Studio Version 17
VisualStudioVersion = 17.6.33829.357
MinimumVisualStudioVersion = 10.0.40219.1
Project("{FAE04EC0-301F-11D3-BF4B-00C04F79EFBC}") = "StorM.API", "StorM.API\StorM.API.csproj", "{64A26A3E-EAC5-4C44-8862-A1DD993B01F1}"
EndProject
Global
	GlobalSection(SolutionConfigurationPlatforms) = preSolution
		Debug|Any CPU = Debug|Any CPU
		Release|Any CPU = Release|Any CPU
	EndGlobalSection
	GlobalSection(ProjectConfigurationPlatforms) = postSolution
		{64A26A3E-EAC5-4C44-8862-A1DD993B01F1}.Debug|Any CPU.ActiveCfg = Debug|Any CPU
		{64A26A3E-EAC5-4C44-8862-A1DD993B01F1}.Debug|Any CPU.Build.0 = Debug|Any CPU
		{64A26A3E-EAC5-4C44-8862-A1DD993B01F1}.Release|Any CPU.ActiveCfg = Release|Any CPU
		{64A26A3E-EAC5-4C44-8862-A1DD993B01F1}.Release|Any CPU.Build.0 = Release|Any CPU
	EndGlobalSection
	GlobalSection(SolutionProperties) = preSolution
		HideSolutionNode = FALSE
	EndGlobalSection
	GlobalSection(ExtensibilityGlobals) = postSolution
		SolutionGuid = {19C2F7FD-0DE7-4633-AF0B-4D531E692198}
	EndGlobalSection
EndGlobal
